
Microsoft Visual Studio Solution File, Format Version 12.00
# Visual Studio Version 17
VisualStudioVersion = 17.9.34714.143
MinimumVisualStudioVersion = 10.0.40219.1
Project("{9A19103F-16F7-4668-BE54-9A1E7A4F7556}") = "CommandPattern", "P01_Command-Pattern\CommandPattern.csproj", "{7E56DD67-4B09-46EB-AFD5-31C5A62A976E}"
EndProject
Project("{9A19103F-16F7-4668-BE54-9A1E7A4F7556}") = "ValidationAttributes", "P02_Validation-Attributes\ValidationAttributes.csproj", "{92E29340-7F33-4ADF-8BFE-47CAFC7FB4B4}"
EndProject
Global
	GlobalSection(SolutionConfigurationPlatforms) = preSolution
		Debug|Any CPU = Debug|Any CPU
		Release|Any CPU = Release|Any CPU
	EndGlobalSection
	GlobalSection(ProjectConfigurationPlatforms) = postSolution
		{7E56DD67-4B09-46EB-AFD5-31C5A62A976E}.Debug|Any CPU.ActiveCfg = Debug|Any CPU
		{7E56DD67-4B09-46EB-AFD5-31C5A62A976E}.Debug|Any CPU.Build.0 = Debug|Any CPU
		{7E56DD67-4B09-46EB-AFD5-31C5A62A976E}.Release|Any CPU.ActiveCfg = Release|Any CPU
		{7E56DD67-4B09-46EB-AFD5-31C5A62A976E}.Release|Any CPU.Build.0 = Release|Any CPU
		{92E29340-7F33-4ADF-8BFE-47CAFC7FB4B4}.Debug|Any CPU.ActiveCfg = Debug|Any CPU
		{92E29340-7F33-4ADF-8BFE-47CAFC7FB4B4}.Debug|Any CPU.Build.0 = Debug|Any CPU
		{92E29340-7F33-4ADF-8BFE-47CAFC7FB4B4}.Release|Any CPU.ActiveCfg = Release|Any CPU
		{92E29340-7F33-4ADF-8BFE-47CAFC7FB4B4}.Release|Any CPU.Build.0 = Release|Any CPU
	EndGlobalSection
	GlobalSection(SolutionProperties) = preSolution
		HideSolutionNode = FALSE
	EndGlobalSection
	GlobalSection(ExtensibilityGlobals) = postSolution
		SolutionGuid = {7EF48C01-D2BA-4B61-960E-57D58F57E8D9}
	EndGlobalSection
EndGlobal
