
Microsoft Visual Studio Solution File, Format Version 12.00
# Visual Studio Version 17
VisualStudioVersion = 17.9.34714.143
MinimumVisualStudioVersion = 10.0.40219.1
Project("{FAE04EC0-301F-11D3-BF4B-00C04F79EFBC}") = "P01_Single-Inheritance", "P01_Single-Inheritance\P01_Single-Inheritance.csproj", "{8F0A8949-3EAF-4298-A046-A87ACBF4774E}"
EndProject
Project("{FAE04EC0-301F-11D3-BF4B-00C04F79EFBC}") = "P02_Multiple-Inheritance", "P02_Multiple-Inheritance\P02_Multiple-Inheritance.csproj", "{50C2E094-E53D-4FBD-AB37-DB1ABD0EA551}"
EndProject
Project("{FAE04EC0-301F-11D3-BF4B-00C04F79EFBC}") = "P03_Hierarchical-Inheritance", "P03_Hierarchical-Inheritance\P03_Hierarchical-Inheritance.csproj", "{86F16B4E-21B0-433D-BC52-6656F392CAE4}"
EndProject
Project("{FAE04EC0-301F-11D3-BF4B-00C04F79EFBC}") = "P04_Random-List", "P04_Random-List\P04_Random-List.csproj", "{6AEDE9E3-FADA-47D7-B86F-512085F90773}"
EndProject
Project("{FAE04EC0-301F-11D3-BF4B-00C04F79EFBC}") = "P05_Stack-of-Strings", "P05_Stack-of-Strings\P05_Stack-of-Strings.csproj", "{4A75FF9B-85F0-4668-87AA-4BDD00E3AE75}"
EndProject
Global
	GlobalSection(SolutionConfigurationPlatforms) = preSolution
		Debug|Any CPU = Debug|Any CPU
		Release|Any CPU = Release|Any CPU
	EndGlobalSection
	GlobalSection(ProjectConfigurationPlatforms) = postSolution
		{8F0A8949-3EAF-4298-A046-A87ACBF4774E}.Debug|Any CPU.ActiveCfg = Debug|Any CPU
		{8F0A8949-3EAF-4298-A046-A87ACBF4774E}.Debug|Any CPU.Build.0 = Debug|Any CPU
		{8F0A8949-3EAF-4298-A046-A87ACBF4774E}.Release|Any CPU.ActiveCfg = Release|Any CPU
		{8F0A8949-3EAF-4298-A046-A87ACBF4774E}.Release|Any CPU.Build.0 = Release|Any CPU
		{50C2E094-E53D-4FBD-AB37-DB1ABD0EA551}.Debug|Any CPU.ActiveCfg = Debug|Any CPU
		{50C2E094-E53D-4FBD-AB37-DB1ABD0EA551}.Debug|Any CPU.Build.0 = Debug|Any CPU
		{50C2E094-E53D-4FBD-AB37-DB1ABD0EA551}.Release|Any CPU.ActiveCfg = Release|Any CPU
		{50C2E094-E53D-4FBD-AB37-DB1ABD0EA551}.Release|Any CPU.Build.0 = Release|Any CPU
		{86F16B4E-21B0-433D-BC52-6656F392CAE4}.Debug|Any CPU.ActiveCfg = Debug|Any CPU
		{86F16B4E-21B0-433D-BC52-6656F392CAE4}.Debug|Any CPU.Build.0 = Debug|Any CPU
		{86F16B4E-21B0-433D-BC52-6656F392CAE4}.Release|Any CPU.ActiveCfg = Release|Any CPU
		{86F16B4E-21B0-433D-BC52-6656F392CAE4}.Release|Any CPU.Build.0 = Release|Any CPU
		{6AEDE9E3-FADA-47D7-B86F-512085F90773}.Debug|Any CPU.ActiveCfg = Debug|Any CPU
		{6AEDE9E3-FADA-47D7-B86F-512085F90773}.Debug|Any CPU.Build.0 = Debug|Any CPU
		{6AEDE9E3-FADA-47D7-B86F-512085F90773}.Release|Any CPU.ActiveCfg = Release|Any CPU
		{6AEDE9E3-FADA-47D7-B86F-512085F90773}.Release|Any CPU.Build.0 = Release|Any CPU
		{4A75FF9B-85F0-4668-87AA-4BDD00E3AE75}.Debug|Any CPU.ActiveCfg = Debug|Any CPU
		{4A75FF9B-85F0-4668-87AA-4BDD00E3AE75}.Debug|Any CPU.Build.0 = Debug|Any CPU
		{4A75FF9B-85F0-4668-87AA-4BDD00E3AE75}.Release|Any CPU.ActiveCfg = Release|Any CPU
		{4A75FF9B-85F0-4668-87AA-4BDD00E3AE75}.Release|Any CPU.Build.0 = Release|Any CPU
	EndGlobalSection
	GlobalSection(SolutionProperties) = preSolution
		HideSolutionNode = FALSE
	EndGlobalSection
	GlobalSection(ExtensibilityGlobals) = postSolution
		SolutionGuid = {7C5190B4-4B15-4E97-92DD-36A60B429658}
	EndGlobalSection
EndGlobal
